
Microsoft Visual Studio Solution File, Format Version 12.00
# Visual Studio Version 16
VisualStudioVersion = 16.0.32602.291
MinimumVisualStudioVersion = 10.0.40219.1
Project("{FAE04EC0-301F-11D3-BF4B-00C04F79EFBC}") = "ProjectBoard.WebApi", "ProjectBoard.WebApi\ProjectBoard.WebApi.csproj", "{42A659D9-C970-4B73-ADE0-898FBDE78CF3}"
	ProjectSection(ProjectDependencies) = postProject
		{90E2E20E-57AA-48F5-A45A-D013039BB68A} = {90E2E20E-57AA-48F5-A45A-D013039BB68A}
		{030B3B12-0CD2-4E3D-8ABB-E90702AD2F79} = {030B3B12-0CD2-4E3D-8ABB-E90702AD2F79}
		{F3C90D17-B864-4391-95F2-E10B15D9D11A} = {F3C90D17-B864-4391-95F2-E10B15D9D11A}
		{289DF288-7076-4A17-B716-4209C8B30784} = {289DF288-7076-4A17-B716-4209C8B30784}
		{E945B593-184E-4F6F-B5A9-1F88E847358B} = {E945B593-184E-4F6F-B5A9-1F88E847358B}
		{C4CAC4F6-9957-4A8D-AA89-E0C959FD1B02} = {C4CAC4F6-9957-4A8D-AA89-E0C959FD1B02}
	EndProjectSection
EndProject
Project("{FAE04EC0-301F-11D3-BF4B-00C04F79EFBC}") = "ProjectBoard.Service", "ProjectBoard.Service\ProjectBoard.Service.csproj", "{030B3B12-0CD2-4E3D-8ABB-E90702AD2F79}"
	ProjectSection(ProjectDependencies) = postProject
		{90E2E20E-57AA-48F5-A45A-D013039BB68A} = {90E2E20E-57AA-48F5-A45A-D013039BB68A}
		{F3C90D17-B864-4391-95F2-E10B15D9D11A} = {F3C90D17-B864-4391-95F2-E10B15D9D11A}
		{F370EF6D-EA5B-41FB-971B-C60461277C4A} = {F370EF6D-EA5B-41FB-971B-C60461277C4A}
		{289DF288-7076-4A17-B716-4209C8B30784} = {289DF288-7076-4A17-B716-4209C8B30784}
		{E945B593-184E-4F6F-B5A9-1F88E847358B} = {E945B593-184E-4F6F-B5A9-1F88E847358B}
		{C4CAC4F6-9957-4A8D-AA89-E0C959FD1B02} = {C4CAC4F6-9957-4A8D-AA89-E0C959FD1B02}
	EndProjectSection
EndProject
Project("{FAE04EC0-301F-11D3-BF4B-00C04F79EFBC}") = "ProjectBoard.Repository", "ProjectBoard.Repository\ProjectBoard.Repository.csproj", "{F370EF6D-EA5B-41FB-971B-C60461277C4A}"
	ProjectSection(ProjectDependencies) = postProject
		{A7919309-D260-43F4-8CE4-63F92EAD6F95} = {A7919309-D260-43F4-8CE4-63F92EAD6F95}
		{F3C90D17-B864-4391-95F2-E10B15D9D11A} = {F3C90D17-B864-4391-95F2-E10B15D9D11A}
		{289DF288-7076-4A17-B716-4209C8B30784} = {289DF288-7076-4A17-B716-4209C8B30784}
		{C4CAC4F6-9957-4A8D-AA89-E0C959FD1B02} = {C4CAC4F6-9957-4A8D-AA89-E0C959FD1B02}
	EndProjectSection
EndProject
Project("{FAE04EC0-301F-11D3-BF4B-00C04F79EFBC}") = "ProjectBoard.Model", "ProjectBoard.Model\ProjectBoard.Model.csproj", "{F3C90D17-B864-4391-95F2-E10B15D9D11A}"
	ProjectSection(ProjectDependencies) = postProject
		{289DF288-7076-4A17-B716-4209C8B30784} = {289DF288-7076-4A17-B716-4209C8B30784}
		{C4CAC4F6-9957-4A8D-AA89-E0C959FD1B02} = {C4CAC4F6-9957-4A8D-AA89-E0C959FD1B02}
	EndProjectSection
EndProject
Project("{FAE04EC0-301F-11D3-BF4B-00C04F79EFBC}") = "ProjectBoard.Common", "ProjectBoard.Common\ProjectBoard.Common.csproj", "{289DF288-7076-4A17-B716-4209C8B30784}"
EndProject
Project("{FAE04EC0-301F-11D3-BF4B-00C04F79EFBC}") = "ProjectBoard.DAL", "ProjectBoard.DAL\ProjectBoard.DAL.csproj", "{A7919309-D260-43F4-8CE4-63F92EAD6F95}"
	ProjectSection(ProjectDependencies) = postProject
		{F3C90D17-B864-4391-95F2-E10B15D9D11A} = {F3C90D17-B864-4391-95F2-E10B15D9D11A}
		{289DF288-7076-4A17-B716-4209C8B30784} = {289DF288-7076-4A17-B716-4209C8B30784}
		{C4CAC4F6-9957-4A8D-AA89-E0C959FD1B02} = {C4CAC4F6-9957-4A8D-AA89-E0C959FD1B02}
	EndProjectSection
EndProject
Project("{FAE04EC0-301F-11D3-BF4B-00C04F79EFBC}") = "ProjectBoard.Model.Common", "ProjectBoard.Model.Common\ProjectBoard.Model.Common.csproj", "{C4CAC4F6-9957-4A8D-AA89-E0C959FD1B02}"
EndProject
Project("{FAE04EC0-301F-11D3-BF4B-00C04F79EFBC}") = "ProjectBoard.Repository.Common", "ProjectBoard.Repository.Common\ProjectBoard.Repository.Common.csproj", "{E945B593-184E-4F6F-B5A9-1F88E847358B}"
	ProjectSection(ProjectDependencies) = postProject
		{F3C90D17-B864-4391-95F2-E10B15D9D11A} = {F3C90D17-B864-4391-95F2-E10B15D9D11A}
		{289DF288-7076-4A17-B716-4209C8B30784} = {289DF288-7076-4A17-B716-4209C8B30784}
	EndProjectSection
EndProject
Project("{FAE04EC0-301F-11D3-BF4B-00C04F79EFBC}") = "ProjectBoard.Service.Common", "ProjectBoard.Service.Common\ProjectBoard.Service.Common.csproj", "{90E2E20E-57AA-48F5-A45A-D013039BB68A}"
	ProjectSection(ProjectDependencies) = postProject
		{F3C90D17-B864-4391-95F2-E10B15D9D11A} = {F3C90D17-B864-4391-95F2-E10B15D9D11A}
		{289DF288-7076-4A17-B716-4209C8B30784} = {289DF288-7076-4A17-B716-4209C8B30784}
	EndProjectSection
EndProject
Global
	GlobalSection(SolutionConfigurationPlatforms) = preSolution
		Debug|Any CPU = Debug|Any CPU
		Release|Any CPU = Release|Any CPU
	EndGlobalSection
	GlobalSection(ProjectConfigurationPlatforms) = postSolution
		{42A659D9-C970-4B73-ADE0-898FBDE78CF3}.Debug|Any CPU.ActiveCfg = Debug|Any CPU
		{42A659D9-C970-4B73-ADE0-898FBDE78CF3}.Debug|Any CPU.Build.0 = Debug|Any CPU
		{42A659D9-C970-4B73-ADE0-898FBDE78CF3}.Release|Any CPU.ActiveCfg = Release|Any CPU
		{42A659D9-C970-4B73-ADE0-898FBDE78CF3}.Release|Any CPU.Build.0 = Release|Any CPU
		{030B3B12-0CD2-4E3D-8ABB-E90702AD2F79}.Debug|Any CPU.ActiveCfg = Debug|Any CPU
		{030B3B12-0CD2-4E3D-8ABB-E90702AD2F79}.Debug|Any CPU.Build.0 = Debug|Any CPU
		{030B3B12-0CD2-4E3D-8ABB-E90702AD2F79}.Release|Any CPU.ActiveCfg = Release|Any CPU
		{030B3B12-0CD2-4E3D-8ABB-E90702AD2F79}.Release|Any CPU.Build.0 = Release|Any CPU
		{F370EF6D-EA5B-41FB-971B-C60461277C4A}.Debug|Any CPU.ActiveCfg = Debug|Any CPU
		{F370EF6D-EA5B-41FB-971B-C60461277C4A}.Debug|Any CPU.Build.0 = Debug|Any CPU
		{F370EF6D-EA5B-41FB-971B-C60461277C4A}.Release|Any CPU.ActiveCfg = Release|Any CPU
		{F370EF6D-EA5B-41FB-971B-C60461277C4A}.Release|Any CPU.Build.0 = Release|Any CPU
		{F3C90D17-B864-4391-95F2-E10B15D9D11A}.Debug|Any CPU.ActiveCfg = Debug|Any CPU
		{F3C90D17-B864-4391-95F2-E10B15D9D11A}.Debug|Any CPU.Build.0 = Debug|Any CPU
		{F3C90D17-B864-4391-95F2-E10B15D9D11A}.Release|Any CPU.ActiveCfg = Release|Any CPU
		{F3C90D17-B864-4391-95F2-E10B15D9D11A}.Release|Any CPU.Build.0 = Release|Any CPU
		{289DF288-7076-4A17-B716-4209C8B30784}.Debug|Any CPU.ActiveCfg = Debug|Any CPU
		{289DF288-7076-4A17-B716-4209C8B30784}.Debug|Any CPU.Build.0 = Debug|Any CPU
		{289DF288-7076-4A17-B716-4209C8B30784}.Release|Any CPU.ActiveCfg = Release|Any CPU
		{289DF288-7076-4A17-B716-4209C8B30784}.Release|Any CPU.Build.0 = Release|Any CPU
		{A7919309-D260-43F4-8CE4-63F92EAD6F95}.Debug|Any CPU.ActiveCfg = Debug|Any CPU
		{A7919309-D260-43F4-8CE4-63F92EAD6F95}.Debug|Any CPU.Build.0 = Debug|Any CPU
		{A7919309-D260-43F4-8CE4-63F92EAD6F95}.Release|Any CPU.ActiveCfg = Release|Any CPU
		{A7919309-D260-43F4-8CE4-63F92EAD6F95}.Release|Any CPU.Build.0 = Release|Any CPU
		{C4CAC4F6-9957-4A8D-AA89-E0C959FD1B02}.Debug|Any CPU.ActiveCfg = Debug|Any CPU
		{C4CAC4F6-9957-4A8D-AA89-E0C959FD1B02}.Debug|Any CPU.Build.0 = Debug|Any CPU
		{C4CAC4F6-9957-4A8D-AA89-E0C959FD1B02}.Release|Any CPU.ActiveCfg = Release|Any CPU
		{C4CAC4F6-9957-4A8D-AA89-E0C959FD1B02}.Release|Any CPU.Build.0 = Release|Any CPU
		{E945B593-184E-4F6F-B5A9-1F88E847358B}.Debug|Any CPU.ActiveCfg = Debug|Any CPU
		{E945B593-184E-4F6F-B5A9-1F88E847358B}.Debug|Any CPU.Build.0 = Debug|Any CPU
		{E945B593-184E-4F6F-B5A9-1F88E847358B}.Release|Any CPU.ActiveCfg = Release|Any CPU
		{E945B593-184E-4F6F-B5A9-1F88E847358B}.Release|Any CPU.Build.0 = Release|Any CPU
		{90E2E20E-57AA-48F5-A45A-D013039BB68A}.Debug|Any CPU.ActiveCfg = Debug|Any CPU
		{90E2E20E-57AA-48F5-A45A-D013039BB68A}.Debug|Any CPU.Build.0 = Debug|Any CPU
		{90E2E20E-57AA-48F5-A45A-D013039BB68A}.Release|Any CPU.ActiveCfg = Release|Any CPU
		{90E2E20E-57AA-48F5-A45A-D013039BB68A}.Release|Any CPU.Build.0 = Release|Any CPU
	EndGlobalSection
	GlobalSection(SolutionProperties) = preSolution
		HideSolutionNode = FALSE
	EndGlobalSection
	GlobalSection(ExtensibilityGlobals) = postSolution
		SolutionGuid = {D8ED8776-DE16-45B1-9F91-FAA37448F766}
	EndGlobalSection
EndGlobal
